// !$*UTF8*$!
{
	archiveVersion = 1;
	classes = {
	};
	objectVersion = 46;
	objects = {

/* Begin PBXBuildFile section */
		8C9636A81DCFD8CA00DF4157 /* AppDelegate.swift in Sources */ = {isa = PBXBuildFile; fileRef = 8C9636A71DCFD8CA00DF4157 /* AppDelegate.swift */; };
		8C9636AA1DCFD8CA00DF4157 /* ViewController.swift in Sources */ = {isa = PBXBuildFile; fileRef = 8C9636A91DCFD8CA00DF4157 /* ViewController.swift */; };
		8C9636AD1DCFD8CA00DF4157 /* Main.storyboard in Resources */ = {isa = PBXBuildFile; fileRef = 8C9636AB1DCFD8CA00DF4157 /* Main.storyboard */; };
		8C9636AF1DCFD8CA00DF4157 /* Assets.xcassets in Resources */ = {isa = PBXBuildFile; fileRef = 8C9636AE1DCFD8CA00DF4157 /* Assets.xcassets */; };
		8C9636B21DCFD8CA00DF4157 /* LaunchScreen.storyboard in Resources */ = {isa = PBXBuildFile; fileRef = 8C9636B01DCFD8CA00DF4157 /* LaunchScreen.storyboard */; };
		8C9636BA1DCFDA1C00DF4157 /* BurguerStruct.swift in Sources */ = {isa = PBXBuildFile; fileRef = 8C9636B91DCFDA1C00DF4157 /* BurguerStruct.swift */; };
		8C9636C91DCFE39900DF4157 /* cientifico.png in Resources */ = {isa = PBXBuildFile; fileRef = 8C9636C81DCFE39900DF4157 /* cientifico.png */; };
		8C9636CF1DCFF93900DF4157 /* Carioca.png in Resources */ = {isa = PBXBuildFile; fileRef = 8C9636CA1DCFF93900DF4157 /* Carioca.png */; };
		8C9636D01DCFF93900DF4157 /* Azteca.png in Resources */ = {isa = PBXBuildFile; fileRef = 8C9636CB1DCFF93900DF4157 /* Azteca.png */; };
		8C9636D11DCFF93900DF4157 /* Inca.png in Resources */ = {isa = PBXBuildFile; fileRef = 8C9636CC1DCFF93900DF4157 /* Inca.png */; };
		8C9636D21DCFF93900DF4157 /* Criolla.png in Resources */ = {isa = PBXBuildFile; fileRef = 8C9636CD1DCFF93900DF4157 /* Criolla.png */; };
		8C9636D31DCFF93900DF4157 /* Gaucha.png in Resources */ = {isa = PBXBuildFile; fileRef = 8C9636CE1DCFF93900DF4157 /* Gaucha.png */; };
		8C9636D51DCFFA5700DF4157 /* hamburguesa.png in Resources */ = {isa = PBXBuildFile; fileRef = 8C9636D41DCFFA5700DF4157 /* hamburguesa.png */; };
		8CEA6C761DD00A7900E08A0D /* nube.png in Resources */ = {isa = PBXBuildFile; fileRef = 8CEA6C751DD00A7900E08A0D /* nube.png */; };
/* End PBXBuildFile section */

/* Begin PBXFileReference section */
		8C9636A41DCFD8CA00DF4157 /* Hamburguesas.app */ = {isa = PBXFileReference; explicitFileType = wrapper.application; includeInIndex = 0; path = Hamburguesas.app; sourceTree = BUILT_PRODUCTS_DIR; };
		8C9636A71DCFD8CA00DF4157 /* AppDelegate.swift */ = {isa = PBXFileReference; lastKnownFileType = sourcecode.swift; path = AppDelegate.swift; sourceTree = "<group>"; };
		8C9636A91DCFD8CA00DF4157 /* ViewController.swift */ = {isa = PBXFileReference; lastKnownFileType = sourcecode.swift; path = ViewController.swift; sourceTree = "<group>"; };
		8C9636AC1DCFD8CA00DF4157 /* Base */ = {isa = PBXFileReference; lastKnownFileType = file.storyboard; name = Base; path = Base.lproj/Main.storyboard; sourceTree = "<group>"; };
		8C9636AE1DCFD8CA00DF4157 /* Assets.xcassets */ = {isa = PBXFileReference; lastKnownFileType = folder.assetcatalog; path = Assets.xcassets; sourceTree = "<group>"; };
		8C9636B11DCFD8CA00DF4157 /* Base */ = {isa = PBXFileReference; lastKnownFileType = file.storyboard; name = Base; path = Base.lproj/LaunchScreen.storyboard; sourceTree = "<group>"; };
		8C9636B31DCFD8CA00DF4157 /* Info.plist */ = {isa = PBXFileReference; lastKnownFileType = text.plist.xml; path = Info.plist; sourceTree = "<group>"; };
		8C9636B91DCFDA1C00DF4157 /* BurguerStruct.swift */ = {isa = PBXFileReference; fileEncoding = 4; lastKnownFileType = sourcecode.swift; path = BurguerStruct.swift; sourceTree = "<group>"; };
		8C9636BC1DCFDE7F00DF4157 /* MyPlayground.playground */ = {isa = PBXFileReference; lastKnownFileType = file.playground; path = MyPlayground.playground; sourceTree = "<group>"; };
		8C9636C81DCFE39900DF4157 /* cientifico.png */ = {isa = PBXFileReference; lastKnownFileType = image.png; path = cientifico.png; sourceTree = "<group>"; };
		8C9636CA1DCFF93900DF4157 /* Carioca.png */ = {isa = PBXFileReference; lastKnownFileType = image.png; path = Carioca.png; sourceTree = "<group>"; };
		8C9636CB1DCFF93900DF4157 /* Azteca.png */ = {isa = PBXFileReference; lastKnownFileType = image.png; path = Azteca.png; sourceTree = "<group>"; };
		8C9636CC1DCFF93900DF4157 /* Inca.png */ = {isa = PBXFileReference; lastKnownFileType = image.png; path = Inca.png; sourceTree = "<group>"; };
		8C9636CD1DCFF93900DF4157 /* Criolla.png */ = {isa = PBXFileReference; lastKnownFileType = image.png; path = Criolla.png; sourceTree = "<group>"; };
		8C9636CE1DCFF93900DF4157 /* Gaucha.png */ = {isa = PBXFileReference; lastKnownFileType = image.png; path = Gaucha.png; sourceTree = "<group>"; };
		8C9636D41DCFFA5700DF4157 /* hamburguesa.png */ = {isa = PBXFileReference; lastKnownFileType = image.png; path = hamburguesa.png; sourceTree = "<group>"; };
		8CEA6C751DD00A7900E08A0D /* nube.png */ = {isa = PBXFileReference; lastKnownFileType = image.png; path = nube.png; sourceTree = "<group>"; };
/* End PBXFileReference section */

/* Begin PBXFrameworksBuildPhase section */
		8C9636A11DCFD8CA00DF4157 /* Frameworks */ = {
			isa = PBXFrameworksBuildPhase;
			buildActionMask = 2147483647;
			files = (
			);
			runOnlyForDeploymentPostprocessing = 0;
		};
/* End PBXFrameworksBuildPhase section */

/* Begin PBXGroup section */
		8C96369B1DCFD8CA00DF4157 = {
			isa = PBXGroup;
			children = (
				8C9636A61DCFD8CA00DF4157 /* Hamburguesas */,
				8C9636A51DCFD8CA00DF4157 /* Products */,
			);
			sourceTree = "<group>";
		};
		8C9636A51DCFD8CA00DF4157 /* Products */ = {
			isa = PBXGroup;
			children = (
				8C9636A41DCFD8CA00DF4157 /* Hamburguesas.app */,
			);
			name = Products;
			sourceTree = "<group>";
		};
		8C9636A61DCFD8CA00DF4157 /* Hamburguesas */ = {
			isa = PBXGroup;
			children = (
				8C9636BF1DCFE28F00DF4157 /* imagenes */,
				8C9636BB1DCFDE2700DF4157 /* playgrounds */,
				8C9636A71DCFD8CA00DF4157 /* AppDelegate.swift */,
				8C9636A91DCFD8CA00DF4157 /* ViewController.swift */,
				8C9636AB1DCFD8CA00DF4157 /* Main.storyboard */,
				8C9636AE1DCFD8CA00DF4157 /* Assets.xcassets */,
				8C9636B01DCFD8CA00DF4157 /* LaunchScreen.storyboard */,
				8C9636B31DCFD8CA00DF4157 /* Info.plist */,
				8C9636B91DCFDA1C00DF4157 /* BurguerStruct.swift */,
			);
			path = Hamburguesas;
			sourceTree = "<group>";
		};
		8C9636BB1DCFDE2700DF4157 /* playgrounds */ = {
			isa = PBXGroup;
			children = (
				8C9636BC1DCFDE7F00DF4157 /* MyPlayground.playground */,
			);
			name = playgrounds;
			sourceTree = "<group>";
		};
		8C9636BF1DCFE28F00DF4157 /* imagenes */ = {
			isa = PBXGroup;
			children = (
				8CEA6C751DD00A7900E08A0D /* nube.png */,
				8C9636D41DCFFA5700DF4157 /* hamburguesa.png */,
				8C9636CA1DCFF93900DF4157 /* Carioca.png */,
				8C9636CB1DCFF93900DF4157 /* Azteca.png */,
				8C9636CC1DCFF93900DF4157 /* Inca.png */,
				8C9636CD1DCFF93900DF4157 /* Criolla.png */,
				8C9636CE1DCFF93900DF4157 /* Gaucha.png */,
				8C9636C81DCFE39900DF4157 /* cientifico.png */,
			);
			name = imagenes;
			sourceTree = "<group>";
		};
/* End PBXGroup section */

/* Begin PBXNativeTarget section */
		8C9636A31DCFD8CA00DF4157 /* Hamburguesas */ = {
			isa = PBXNativeTarget;
			buildConfigurationList = 8C9636B61DCFD8CA00DF4157 /* Build configuration list for PBXNativeTarget "Hamburguesas" */;
			buildPhases = (
				8C9636A01DCFD8CA00DF4157 /* Sources */,
				8C9636A11DCFD8CA00DF4157 /* Frameworks */,
				8C9636A21DCFD8CA00DF4157 /* Resources */,
			);
			buildRules = (
			);
			dependencies = (
			);
			name = Hamburguesas;
			productName = Hamburguesas;
			productReference = 8C9636A41DCFD8CA00DF4157 /* Hamburguesas.app */;
			productType = "com.apple.product-type.application";
		};
/* End PBXNativeTarget section */

/* Begin PBXProject section */
		8C96369C1DCFD8CA00DF4157 /* Project object */ = {
			isa = PBXProject;
			attributes = {
				LastSwiftUpdateCheck = 0800;
				LastUpgradeCheck = 0800;
				ORGANIZATIONNAME = jdej;
				TargetAttributes = {
					8C9636A31DCFD8CA00DF4157 = {
						CreatedOnToolsVersion = 8.0;
						ProvisioningStyle = Automatic;
					};
				};
			};
			buildConfigurationList = 8C96369F1DCFD8CA00DF4157 /* Build configuration list for PBXProject "Hamburguesas" */;
			compatibilityVersion = "Xcode 3.2";
			developmentRegion = English;
			hasScannedForEncodings = 0;
			knownRegions = (
				en,
				Base,
			);
			mainGroup = 8C96369B1DCFD8CA00DF4157;
			productRefGroup = 8C9636A51DCFD8CA00DF4157 /* Products */;
			projectDirPath = "";
			projectRoot = "";
			targets = (
				8C9636A31DCFD8CA00DF4157 /* Hamburguesas */,
			);
		};
/* End PBXProject section */

/* Begin PBXResourcesBuildPhase section */
		8C9636A21DCFD8CA00DF4157 /* Resources */ = {
			isa = PBXResourcesBuildPhase;
			buildActionMask = 2147483647;
			files = (
				8C9636CF1DCFF93900DF4157 /* Carioca.png in Resources */,
				8C9636D11DCFF93900DF4157 /* Inca.png in Resources */,
				8C9636D51DCFFA5700DF4157 /* hamburguesa.png in Resources */,
				8C9636D01DCFF93900DF4157 /* Azteca.png in Resources */,
				8C9636B21DCFD8CA00DF4157 /* LaunchScreen.storyboard in Resources */,
				8C9636D21DCFF93900DF4157 /* Criolla.png in Resources */,
				8C9636AF1DCFD8CA00DF4157 /* Assets.xcassets in Resources */,
				8CEA6C761DD00A7900E08A0D /* nube.png in Resources */,
				8C9636C91DCFE39900DF4157 /* cientifico.png in Resources */,
				8C9636AD1DCFD8CA00DF4157 /* Main.storyboard in Resources */,
				8C9636D31DCFF93900DF4157 /* Gaucha.png in Resources */,
			);
			runOnlyForDeploymentPostprocessing = 0;
		};
/* End PBXResourcesBuildPhase section */

/* Begin PBXSourcesBuildPhase section */
		8C9636A01DCFD8CA00DF4157 /* Sources */ = {
			isa = PBXSourcesBuildPhase;
			buildActionMask = 2147483647;
			files = (
				8C9636BA1DCFDA1C00DF4157 /* BurguerStruct.swift in Sources */,
				8C9636AA1DCFD8CA00DF4157 /* ViewController.swift in Sources */,
				8C9636A81DCFD8CA00DF4157 /* AppDelegate.swift in Sources */,
			);
			runOnlyForDeploymentPostprocessing = 0;
		};
/* End PBXSourcesBuildPhase section */

/* Begin PBXVariantGroup section */
		8C9636AB1DCFD8CA00DF4157 /* Main.storyboard */ = {
			isa = PBXVariantGroup;
			children = (
				8C9636AC1DCFD8CA00DF4157 /* Base */,
			);
			name = Main.storyboard;
			sourceTree = "<group>";
		};
		8C9636B01DCFD8CA00DF4157 /* LaunchScreen.storyboard */ = {
			isa = PBXVariantGroup;
			children = (
				8C9636B11DCFD8CA00DF4157 /* Base */,
			);
			name = LaunchScreen.storyboard;
			sourceTree = "<group>";
		};
/* End PBXVariantGroup section */

/* Begin XCBuildConfiguration section */
		8C9636B41DCFD8CA00DF4157 /* Debug */ = {
			isa = XCBuildConfiguration;
			buildSettings = {
				ALWAYS_SEARCH_USER_PATHS = NO;
				CLANG_ANALYZER_NONNULL = YES;
				CLANG_CXX_LANGUAGE_STANDARD = "gnu++0x";
				CLANG_CXX_LIBRARY = "libc++";
				CLANG_ENABLE_MODULES = YES;
				CLANG_ENABLE_OBJC_ARC = YES;
				CLANG_WARN_BOOL_CONVERSION = YES;
				CLANG_WARN_CONSTANT_CONVERSION = YES;
				CLANG_WARN_DIRECT_OBJC_ISA_USAGE = YES_ERROR;
				CLANG_WARN_DOCUMENTATION_COMMENTS = YES;
				CLANG_WARN_EMPTY_BODY = YES;
				CLANG_WARN_ENUM_CONVERSION = YES;
				CLANG_WARN_INFINITE_RECURSION = YES;
				CLANG_WARN_INT_CONVERSION = YES;
				CLANG_WARN_OBJC_ROOT_CLASS = YES_ERROR;
				CLANG_WARN_SUSPICIOUS_MOVES = YES;
				CLANG_WARN_UNREACHABLE_CODE = YES;
				CLANG_WARN__DUPLICATE_METHOD_MATCH = YES;
				"CODE_SIGN_IDENTITY[sdk=iphoneos*]" = "iPhone Developer";
				COPY_PHASE_STRIP = NO;
				DEBUG_INFORMATION_FORMAT = dwarf;
				ENABLE_STRICT_OBJC_MSGSEND = YES;
				ENABLE_TESTABILITY = YES;
				GCC_C_LANGUAGE_STANDARD = gnu99;
				GCC_DYNAMIC_NO_PIC = NO;
				GCC_NO_COMMON_BLOCKS = YES;
				GCC_OPTIMIZATION_LEVEL = 0;
				GCC_PREPROCESSOR_DEFINITIONS = (
					"DEBUG=1",
					"$(inherited)",
				);
				GCC_WARN_64_TO_32_BIT_CONVERSION = YES;
				GCC_WARN_ABOUT_RETURN_TYPE = YES_ERROR;
				GCC_WARN_UNDECLARED_SELECTOR = YES;
				GCC_WARN_UNINITIALIZED_AUTOS = YES_AGGRESSIVE;
				GCC_WARN_UNUSED_FUNCTION = YES;
				GCC_WARN_UNUSED_VARIABLE = YES;
				IPHONEOS_DEPLOYMENT_TARGET = 10.0;
				MTL_ENABLE_DEBUG_INFO = YES;
				ONLY_ACTIVE_ARCH = YES;
				SDKROOT = iphoneos;
				SWIFT_ACTIVE_COMPILATION_CONDITIONS = DEBUG;
				SWIFT_OPTIMIZATION_LEVEL = "-Onone";
			};
			name = Debug;
		};
		8C9636B51DCFD8CA00DF4157 /* Release */ = {
			isa = XCBuildConfiguration;
			buildSettings = {
				ALWAYS_SEARCH_USER_PATHS = NO;
				CLANG_ANALYZER_NONNULL = YES;
				CLANG_CXX_LANGUAGE_STANDARD = "gnu++0x";
				CLANG_CXX_LIBRARY = "libc++";
				CLANG_ENABLE_MODULES = YES;
				CLANG_ENABLE_OBJC_ARC = YES;
				CLANG_WARN_BOOL_CONVERSION = YES;
				CLANG_WARN_CONSTANT_CONVERSION = YES;
				CLANG_WARN_DIRECT_OBJC_ISA_USAGE = YES_ERROR;
				CLANG_WARN_DOCUMENTATION_COMMENTS = YES;
				CLANG_WARN_EMPTY_BODY = YES;
				CLANG_WARN_ENUM_CONVERSION = YES;
				CLANG_WARN_INFINITE_RECURSION = YES;
				CLANG_WARN_INT_CONVERSION = YES;
				CLANG_WARN_OBJC_ROOT_CLASS = YES_ERROR;
				CLANG_WARN_SUSPICIOUS_MOVES = YES;
				CLANG_WARN_UNREACHABLE_CODE = YES;
				CLANG_WARN__DUPLICATE_METHOD_MATCH = YES;
				"CODE_SIGN_IDENTITY[sdk=iphoneos*]" = "iPhone Developer";
				COPY_PHASE_STRIP = NO;
				DEBUG_INFORMATION_FORMAT = "dwarf-with-dsym";
				ENABLE_NS_ASSERTIONS = NO;
				ENABLE_STRICT_OBJC_MSGSEND = YES;
				GCC_C_LANGUAGE_STANDARD = gnu99;
				GCC_NO_COMMON_BLOCKS = YES;
				GCC_WARN_64_TO_32_BIT_CONVERSION = YES;
				GCC_WARN_ABOUT_RETURN_TYPE = YES_ERROR;
				GCC_WARN_UNDECLARED_SELECTOR = YES;
				GCC_WARN_UNINITIALIZED_AUTOS = YES_AGGRESSIVE;
				GCC_WARN_UNUSED_FUNCTION = YES;
				GCC_WARN_UNUSED_VARIABLE = YES;
				IPHONEOS_DEPLOYMENT_TARGET = 10.0;
				MTL_ENABLE_DEBUG_INFO = NO;
				SDKROOT = iphoneos;
				SWIFT_OPTIMIZATION_LEVEL = "-Owholemodule";
				VALIDATE_PRODUCT = YES;
			};
			name = Release;
		};
		8C9636B71DCFD8CA00DF4157 /* Debug */ = {
			isa = XCBuildConfiguration;
			buildSettings = {
				ASSETCATALOG_COMPILER_APPICON_NAME = AppIcon;
				INFOPLIST_FILE = Hamburguesas/Info.plist;
				IPHONEOS_DEPLOYMENT_TARGET = 10.0;
				LD_RUNPATH_SEARCH_PATHS = "$(inherited) @executable_path/Frameworks";
				PRODUCT_BUNDLE_IDENTIFIER = com.mapachesoftware.Hamburguesas;
				PRODUCT_NAME = "$(TARGET_NAME)";
				SWIFT_VERSION = 3.0;
			};
			name = Debug;
		};
		8C9636B81DCFD8CA00DF4157 /* Release */ = {
			isa = XCBuildConfiguration;
			buildSettings = {
				ASSETCATALOG_COMPILER_APPICON_NAME = AppIcon;
				INFOPLIST_FILE = Hamburguesas/Info.plist;
				IPHONEOS_DEPLOYMENT_TARGET = 10.0;
				LD_RUNPATH_SEARCH_PATHS = "$(inherited) @executable_path/Frameworks";
				PRODUCT_BUNDLE_IDENTIFIER = com.mapachesoftware.Hamburguesas;
				PRODUCT_NAME = "$(TARGET_NAME)";
				SWIFT_VERSION = 3.0;
			};
			name = Release;
		};
/* End XCBuildConfiguration section */

/* Begin XCConfigurationList section */
		8C96369F1DCFD8CA00DF4157 /* Build configuration list for PBXProject "Hamburguesas" */ = {
			isa = XCConfigurationList;
			buildConfigurations = (
				8C9636B41DCFD8CA00DF4157 /* Debug */,
				8C9636B51DCFD8CA00DF4157 /* Release */,
			);
			defaultConfigurationIsVisible = 0;
			defaultConfigurationName = Release;
		};
		8C9636B61DCFD8CA00DF4157 /* Build configuration list for PBXNativeTarget "Hamburguesas" */ = {
			isa = XCConfigurationList;
			buildConfigurations = (
				8C9636B71DCFD8CA00DF4157 /* Debug */,
				8C9636B81DCFD8CA00DF4157 /* Release */,
			);
			defaultConfigurationIsVisible = 0;
			defaultConfigurationName = Release;
		};
/* End XCConfigurationList section */
	};
	rootObject = 8C96369C1DCFD8CA00DF4157 /* Project object */;
}
